
Microsoft Visual Studio Solution File, Format Version 12.00
# Visual Studio 14
VisualStudioVersion = 14.0.25420.1
MinimumVisualStudioVersion = 10.0.40219.1
Project("{FAE04EC0-301F-11D3-BF4B-00C04F79EFBC}") = "Adornments_Openlayers", "Adornments_Openlayers\Adornments_Openlayers.csproj", "{6A511F20-1D3E-4F30-885E-614ACEB87802}"
EndProject
Project("{FAE04EC0-301F-11D3-BF4B-00C04F79EFBC}") = "Adornments_Leaflet", "Adornments_Leaflet\Adornments_Leaflet.csproj", "{F786A49C-4614-4B03-8857-FE1686B90F1A}"
EndProject
Global
	GlobalSection(SolutionConfigurationPlatforms) = preSolution
		Code Analysis|Any CPU = Code Analysis|Any CPU
		Code Analysis|x64 = Code Analysis|x64
		Code Analysis|x86 = Code Analysis|x86
		Debug|Any CPU = Debug|Any CPU
		Debug|x64 = Debug|x64
		Debug|x86 = Debug|x86
		Evaluation|Any CPU = Evaluation|Any CPU
		Evaluation|x64 = Evaluation|x64
		Evaluation|x86 = Evaluation|x86
		FileLicense|Any CPU = FileLicense|Any CPU
		FileLicense|x64 = FileLicense|x64
		FileLicense|x86 = FileLicense|x86
		Full|Any CPU = Full|Any CPU
		Full|x64 = Full|x64
		Full|x86 = Full|x86
		GISEditorUnitTest|Any CPU = GISEditorUnitTest|Any CPU
		GISEditorUnitTest|x64 = GISEditorUnitTest|x64
		GISEditorUnitTest|x86 = GISEditorUnitTest|x86
		McNally|Any CPU = McNally|Any CPU
		McNally|x64 = McNally|x64
		McNally|x86 = McNally|x86
		newBuildOption|Any CPU = newBuildOption|Any CPU
		newBuildOption|x64 = newBuildOption|x64
		newBuildOption|x86 = newBuildOption|x86
		Performance|Any CPU = Performance|Any CPU
		Performance|x64 = Performance|x64
		Performance|x86 = Performance|x86
		ReadOnly|Any CPU = ReadOnly|Any CPU
		ReadOnly|x64 = ReadOnly|x64
		ReadOnly|x86 = ReadOnly|x86
		Release|Any CPU = Release|Any CPU
		Release|x64 = Release|x64
		Release|x86 = Release|x86
		RoutingFull|Any CPU = RoutingFull|Any CPU
		RoutingFull|x64 = RoutingFull|x64
		RoutingFull|x86 = RoutingFull|x86
		RunTime|Any CPU = RunTime|Any CPU
		RunTime|x64 = RunTime|x64
		RunTime|x86 = RunTime|x86
		TGLICENSE|Any CPU = TGLICENSE|Any CPU
		TGLICENSE|x64 = TGLICENSE|x64
		TGLICENSE|x86 = TGLICENSE|x86
	EndGlobalSection
	GlobalSection(ProjectConfigurationPlatforms) = postSolution
		{6A511F20-1D3E-4F30-885E-614ACEB87802}.Code Analysis|Any CPU.ActiveCfg = Release|Any CPU
		{6A511F20-1D3E-4F30-885E-614ACEB87802}.Code Analysis|Any CPU.Build.0 = Release|Any CPU
		{6A511F20-1D3E-4F30-885E-614ACEB87802}.Code Analysis|x64.ActiveCfg = Release|Any CPU
		{6A511F20-1D3E-4F30-885E-614ACEB87802}.Code Analysis|x64.Build.0 = Release|Any CPU
		{6A511F20-1D3E-4F30-885E-614ACEB87802}.Code Analysis|x86.ActiveCfg = Release|Any CPU
		{6A511F20-1D3E-4F30-885E-614ACEB87802}.Code Analysis|x86.Build.0 = Release|Any CPU
		{6A511F20-1D3E-4F30-885E-614ACEB87802}.Debug|Any CPU.ActiveCfg = Debug|Any CPU
		{6A511F20-1D3E-4F30-885E-614ACEB87802}.Debug|Any CPU.Build.0 = Debug|Any CPU
		{6A511F20-1D3E-4F30-885E-614ACEB87802}.Debug|x64.ActiveCfg = Debug|Any CPU
		{6A511F20-1D3E-4F30-885E-614ACEB87802}.Debug|x64.Build.0 = Debug|Any CPU
		{6A511F20-1D3E-4F30-885E-614ACEB87802}.Debug|x86.ActiveCfg = Debug|Any CPU
		{6A511F20-1D3E-4F30-885E-614ACEB87802}.Debug|x86.Build.0 = Debug|Any CPU
		{6A511F20-1D3E-4F30-885E-614ACEB87802}.Evaluation|Any CPU.ActiveCfg = Release|Any CPU
		{6A511F20-1D3E-4F30-885E-614ACEB87802}.Evaluation|Any CPU.Build.0 = Release|Any CPU
		{6A511F20-1D3E-4F30-885E-614ACEB87802}.Evaluation|x64.ActiveCfg = Release|Any CPU
		{6A511F20-1D3E-4F30-885E-614ACEB87802}.Evaluation|x64.Build.0 = Release|Any CPU
		{6A511F20-1D3E-4F30-885E-614ACEB87802}.Evaluation|x86.ActiveCfg = Release|Any CPU
		{6A511F20-1D3E-4F30-885E-614ACEB87802}.Evaluation|x86.Build.0 = Release|Any CPU
		{6A511F20-1D3E-4F30-885E-614ACEB87802}.FileLicense|Any CPU.ActiveCfg = Release|Any CPU
		{6A511F20-1D3E-4F30-885E-614ACEB87802}.FileLicense|Any CPU.Build.0 = Release|Any CPU
		{6A511F20-1D3E-4F30-885E-614ACEB87802}.FileLicense|x64.ActiveCfg = Release|Any CPU
		{6A511F20-1D3E-4F30-885E-614ACEB87802}.FileLicense|x64.Build.0 = Release|Any CPU
		{6A511F20-1D3E-4F30-885E-614ACEB87802}.FileLicense|x86.ActiveCfg = Release|Any CPU
		{6A511F20-1D3E-4F30-885E-614ACEB87802}.FileLicense|x86.Build.0 = Release|Any CPU
		{6A511F20-1D3E-4F30-885E-614ACEB87802}.Full|Any CPU.ActiveCfg = Release|Any CPU
		{6A511F20-1D3E-4F30-885E-614ACEB87802}.Full|Any CPU.Build.0 = Release|Any CPU
		{6A511F20-1D3E-4F30-885E-614ACEB87802}.Full|x64.ActiveCfg = Release|Any CPU
		{6A511F20-1D3E-4F30-885E-614ACEB87802}.Full|x64.Build.0 = Release|Any CPU
		{6A511F20-1D3E-4F30-885E-614ACEB87802}.Full|x86.ActiveCfg = Release|Any CPU
		{6A511F20-1D3E-4F30-885E-614ACEB87802}.Full|x86.Build.0 = Release|Any CPU
		{6A511F20-1D3E-4F30-885E-614ACEB87802}.GISEditorUnitTest|Any CPU.ActiveCfg = Release|Any CPU
		{6A511F20-1D3E-4F30-885E-614ACEB87802}.GISEditorUnitTest|Any CPU.Build.0 = Release|Any CPU
		{6A511F20-1D3E-4F30-885E-614ACEB87802}.GISEditorUnitTest|x64.ActiveCfg = Release|Any CPU
		{6A511F20-1D3E-4F30-885E-614ACEB87802}.GISEditorUnitTest|x64.Build.0 = Release|Any CPU
		{6A511F20-1D3E-4F30-885E-614ACEB87802}.GISEditorUnitTest|x86.ActiveCfg = Release|Any CPU
		{6A511F20-1D3E-4F30-885E-614ACEB87802}.GISEditorUnitTest|x86.Build.0 = Release|Any CPU
		{6A511F20-1D3E-4F30-885E-614ACEB87802}.McNally|Any CPU.ActiveCfg = Release|Any CPU
		{6A511F20-1D3E-4F30-885E-614ACEB87802}.McNally|Any CPU.Build.0 = Release|Any CPU
		{6A511F20-1D3E-4F30-885E-614ACEB87802}.McNally|x64.ActiveCfg = Release|Any CPU
		{6A511F20-1D3E-4F30-885E-614ACEB87802}.McNally|x64.Build.0 = Release|Any CPU
		{6A511F20-1D3E-4F30-885E-614ACEB87802}.McNally|x86.ActiveCfg = Release|Any CPU
		{6A511F20-1D3E-4F30-885E-614ACEB87802}.McNally|x86.Build.0 = Release|Any CPU
		{6A511F20-1D3E-4F30-885E-614ACEB87802}.newBuildOption|Any CPU.ActiveCfg = Release|Any CPU
		{6A511F20-1D3E-4F30-885E-614ACEB87802}.newBuildOption|Any CPU.Build.0 = Release|Any CPU
		{6A511F20-1D3E-4F30-885E-614ACEB87802}.newBuildOption|x64.ActiveCfg = Release|Any CPU
		{6A511F20-1D3E-4F30-885E-614ACEB87802}.newBuildOption|x64.Build.0 = Release|Any CPU
		{6A511F20-1D3E-4F30-885E-614ACEB87802}.newBuildOption|x86.ActiveCfg = Release|Any CPU
		{6A511F20-1D3E-4F30-885E-614ACEB87802}.newBuildOption|x86.Build.0 = Release|Any CPU
		{6A511F20-1D3E-4F30-885E-614ACEB87802}.Performance|Any CPU.ActiveCfg = Release|Any CPU
		{6A511F20-1D3E-4F30-885E-614ACEB87802}.Performance|Any CPU.Build.0 = Release|Any CPU
		{6A511F20-1D3E-4F30-885E-614ACEB87802}.Performance|x64.ActiveCfg = Release|Any CPU
		{6A511F20-1D3E-4F30-885E-614ACEB87802}.Performance|x64.Build.0 = Release|Any CPU
		{6A511F20-1D3E-4F30-885E-614ACEB87802}.Performance|x86.ActiveCfg = Release|Any CPU
		{6A511F20-1D3E-4F30-885E-614ACEB87802}.Performance|x86.Build.0 = Release|Any CPU
		{6A511F20-1D3E-4F30-885E-614ACEB87802}.ReadOnly|Any CPU.ActiveCfg = Release|Any CPU
		{6A511F20-1D3E-4F30-885E-614ACEB87802}.ReadOnly|Any CPU.Build.0 = Release|Any CPU
		{6A511F20-1D3E-4F30-885E-614ACEB87802}.ReadOnly|x64.ActiveCfg = Release|Any CPU
		{6A511F20-1D3E-4F30-885E-614ACEB87802}.ReadOnly|x64.Build.0 = Release|Any CPU
		{6A511F20-1D3E-4F30-885E-614ACEB87802}.ReadOnly|x86.ActiveCfg = Release|Any CPU
		{6A511F20-1D3E-4F30-885E-614ACEB87802}.ReadOnly|x86.Build.0 = Release|Any CPU
		{6A511F20-1D3E-4F30-885E-614ACEB87802}.Release|Any CPU.ActiveCfg = Release|Any CPU
		{6A511F20-1D3E-4F30-885E-614ACEB87802}.Release|Any CPU.Build.0 = Release|Any CPU
		{6A511F20-1D3E-4F30-885E-614ACEB87802}.Release|x64.ActiveCfg = Release|Any CPU
		{6A511F20-1D3E-4F30-885E-614ACEB87802}.Release|x64.Build.0 = Release|Any CPU
		{6A511F20-1D3E-4F30-885E-614ACEB87802}.Release|x86.ActiveCfg = Release|Any CPU
		{6A511F20-1D3E-4F30-885E-614ACEB87802}.Release|x86.Build.0 = Release|Any CPU
		{6A511F20-1D3E-4F30-885E-614ACEB87802}.RoutingFull|Any CPU.ActiveCfg = Release|Any CPU
		{6A511F20-1D3E-4F30-885E-614ACEB87802}.RoutingFull|Any CPU.Build.0 = Release|Any CPU
		{6A511F20-1D3E-4F30-885E-614ACEB87802}.RoutingFull|x64.ActiveCfg = Release|Any CPU
		{6A511F20-1D3E-4F30-885E-614ACEB87802}.RoutingFull|x64.Build.0 = Release|Any CPU
		{6A511F20-1D3E-4F30-885E-614ACEB87802}.RoutingFull|x86.ActiveCfg = Release|Any CPU
		{6A511F20-1D3E-4F30-885E-614ACEB87802}.RoutingFull|x86.Build.0 = Release|Any CPU
		{6A511F20-1D3E-4F30-885E-614ACEB87802}.RunTime|Any CPU.ActiveCfg = Release|Any CPU
		{6A511F20-1D3E-4F30-885E-614ACEB87802}.RunTime|Any CPU.Build.0 = Release|Any CPU
		{6A511F20-1D3E-4F30-885E-614ACEB87802}.RunTime|x64.ActiveCfg = Release|Any CPU
		{6A511F20-1D3E-4F30-885E-614ACEB87802}.RunTime|x64.Build.0 = Release|Any CPU
		{6A511F20-1D3E-4F30-885E-614ACEB87802}.RunTime|x86.ActiveCfg = Release|Any CPU
		{6A511F20-1D3E-4F30-885E-614ACEB87802}.RunTime|x86.Build.0 = Release|Any CPU
		{6A511F20-1D3E-4F30-885E-614ACEB87802}.TGLICENSE|Any CPU.ActiveCfg = Release|Any CPU
		{6A511F20-1D3E-4F30-885E-614ACEB87802}.TGLICENSE|Any CPU.Build.0 = Release|Any CPU
		{6A511F20-1D3E-4F30-885E-614ACEB87802}.TGLICENSE|x64.ActiveCfg = Release|Any CPU
		{6A511F20-1D3E-4F30-885E-614ACEB87802}.TGLICENSE|x64.Build.0 = Release|Any CPU
		{6A511F20-1D3E-4F30-885E-614ACEB87802}.TGLICENSE|x86.ActiveCfg = Release|Any CPU
		{6A511F20-1D3E-4F30-885E-614ACEB87802}.TGLICENSE|x86.Build.0 = Release|Any CPU
		{F786A49C-4614-4B03-8857-FE1686B90F1A}.Code Analysis|Any CPU.ActiveCfg = Release|Any CPU
		{F786A49C-4614-4B03-8857-FE1686B90F1A}.Code Analysis|Any CPU.Build.0 = Release|Any CPU
		{F786A49C-4614-4B03-8857-FE1686B90F1A}.Code Analysis|x64.ActiveCfg = Release|Any CPU
		{F786A49C-4614-4B03-8857-FE1686B90F1A}.Code Analysis|x64.Build.0 = Release|Any CPU
		{F786A49C-4614-4B03-8857-FE1686B90F1A}.Code Analysis|x86.ActiveCfg = Release|Any CPU
		{F786A49C-4614-4B03-8857-FE1686B90F1A}.Code Analysis|x86.Build.0 = Release|Any CPU
		{F786A49C-4614-4B03-8857-FE1686B90F1A}.Debug|Any CPU.ActiveCfg = Debug|Any CPU
		{F786A49C-4614-4B03-8857-FE1686B90F1A}.Debug|Any CPU.Build.0 = Debug|Any CPU
		{F786A49C-4614-4B03-8857-FE1686B90F1A}.Debug|x64.ActiveCfg = Debug|Any CPU
		{F786A49C-4614-4B03-8857-FE1686B90F1A}.Debug|x64.Build.0 = Debug|Any CPU
		{F786A49C-4614-4B03-8857-FE1686B90F1A}.Debug|x86.ActiveCfg = Debug|Any CPU
		{F786A49C-4614-4B03-8857-FE1686B90F1A}.Debug|x86.Build.0 = Debug|Any CPU
		{F786A49C-4614-4B03-8857-FE1686B90F1A}.Evaluation|Any CPU.ActiveCfg = Release|Any CPU
		{F786A49C-4614-4B03-8857-FE1686B90F1A}.Evaluation|Any CPU.Build.0 = Release|Any CPU
		{F786A49C-4614-4B03-8857-FE1686B90F1A}.Evaluation|x64.ActiveCfg = Release|Any CPU
		{F786A49C-4614-4B03-8857-FE1686B90F1A}.Evaluation|x64.Build.0 = Release|Any CPU
		{F786A49C-4614-4B03-8857-FE1686B90F1A}.Evaluation|x86.ActiveCfg = Release|Any CPU
		{F786A49C-4614-4B03-8857-FE1686B90F1A}.Evaluation|x86.Build.0 = Release|Any CPU
		{F786A49C-4614-4B03-8857-FE1686B90F1A}.FileLicense|Any CPU.ActiveCfg = Release|Any CPU
		{F786A49C-4614-4B03-8857-FE1686B90F1A}.FileLicense|Any CPU.Build.0 = Release|Any CPU
		{F786A49C-4614-4B03-8857-FE1686B90F1A}.FileLicense|x64.ActiveCfg = Release|Any CPU
		{F786A49C-4614-4B03-8857-FE1686B90F1A}.FileLicense|x64.Build.0 = Release|Any CPU
		{F786A49C-4614-4B03-8857-FE1686B90F1A}.FileLicense|x86.ActiveCfg = Release|Any CPU
		{F786A49C-4614-4B03-8857-FE1686B90F1A}.FileLicense|x86.Build.0 = Release|Any CPU
		{F786A49C-4614-4B03-8857-FE1686B90F1A}.Full|Any CPU.ActiveCfg = Release|Any CPU
		{F786A49C-4614-4B03-8857-FE1686B90F1A}.Full|Any CPU.Build.0 = Release|Any CPU
		{F786A49C-4614-4B03-8857-FE1686B90F1A}.Full|x64.ActiveCfg = Release|Any CPU
		{F786A49C-4614-4B03-8857-FE1686B90F1A}.Full|x64.Build.0 = Release|Any CPU
		{F786A49C-4614-4B03-8857-FE1686B90F1A}.Full|x86.ActiveCfg = Release|Any CPU
		{F786A49C-4614-4B03-8857-FE1686B90F1A}.Full|x86.Build.0 = Release|Any CPU
		{F786A49C-4614-4B03-8857-FE1686B90F1A}.GISEditorUnitTest|Any CPU.ActiveCfg = Release|Any CPU
		{F786A49C-4614-4B03-8857-FE1686B90F1A}.GISEditorUnitTest|Any CPU.Build.0 = Release|Any CPU
		{F786A49C-4614-4B03-8857-FE1686B90F1A}.GISEditorUnitTest|x64.ActiveCfg = Release|Any CPU
		{F786A49C-4614-4B03-8857-FE1686B90F1A}.GISEditorUnitTest|x64.Build.0 = Release|Any CPU
		{F786A49C-4614-4B03-8857-FE1686B90F1A}.GISEditorUnitTest|x86.ActiveCfg = Release|Any CPU
		{F786A49C-4614-4B03-8857-FE1686B90F1A}.GISEditorUnitTest|x86.Build.0 = Release|Any CPU
		{F786A49C-4614-4B03-8857-FE1686B90F1A}.McNally|Any CPU.ActiveCfg = Release|Any CPU
		{F786A49C-4614-4B03-8857-FE1686B90F1A}.McNally|Any CPU.Build.0 = Release|Any CPU
		{F786A49C-4614-4B03-8857-FE1686B90F1A}.McNally|x64.ActiveCfg = Release|Any CPU
		{F786A49C-4614-4B03-8857-FE1686B90F1A}.McNally|x64.Build.0 = Release|Any CPU
		{F786A49C-4614-4B03-8857-FE1686B90F1A}.McNally|x86.ActiveCfg = Release|Any CPU
		{F786A49C-4614-4B03-8857-FE1686B90F1A}.McNally|x86.Build.0 = Release|Any CPU
		{F786A49C-4614-4B03-8857-FE1686B90F1A}.newBuildOption|Any CPU.ActiveCfg = Release|Any CPU
		{F786A49C-4614-4B03-8857-FE1686B90F1A}.newBuildOption|Any CPU.Build.0 = Release|Any CPU
		{F786A49C-4614-4B03-8857-FE1686B90F1A}.newBuildOption|x64.ActiveCfg = Release|Any CPU
		{F786A49C-4614-4B03-8857-FE1686B90F1A}.newBuildOption|x64.Build.0 = Release|Any CPU
		{F786A49C-4614-4B03-8857-FE1686B90F1A}.newBuildOption|x86.ActiveCfg = Release|Any CPU
		{F786A49C-4614-4B03-8857-FE1686B90F1A}.newBuildOption|x86.Build.0 = Release|Any CPU
		{F786A49C-4614-4B03-8857-FE1686B90F1A}.Performance|Any CPU.ActiveCfg = Release|Any CPU
		{F786A49C-4614-4B03-8857-FE1686B90F1A}.Performance|Any CPU.Build.0 = Release|Any CPU
		{F786A49C-4614-4B03-8857-FE1686B90F1A}.Performance|x64.ActiveCfg = Release|Any CPU
		{F786A49C-4614-4B03-8857-FE1686B90F1A}.Performance|x64.Build.0 = Release|Any CPU
		{F786A49C-4614-4B03-8857-FE1686B90F1A}.Performance|x86.ActiveCfg = Release|Any CPU
		{F786A49C-4614-4B03-8857-FE1686B90F1A}.Performance|x86.Build.0 = Release|Any CPU
		{F786A49C-4614-4B03-8857-FE1686B90F1A}.ReadOnly|Any CPU.ActiveCfg = Release|Any CPU
		{F786A49C-4614-4B03-8857-FE1686B90F1A}.ReadOnly|Any CPU.Build.0 = Release|Any CPU
		{F786A49C-4614-4B03-8857-FE1686B90F1A}.ReadOnly|x64.ActiveCfg = Release|Any CPU
		{F786A49C-4614-4B03-8857-FE1686B90F1A}.ReadOnly|x64.Build.0 = Release|Any CPU
		{F786A49C-4614-4B03-8857-FE1686B90F1A}.ReadOnly|x86.ActiveCfg = Release|Any CPU
		{F786A49C-4614-4B03-8857-FE1686B90F1A}.ReadOnly|x86.Build.0 = Release|Any CPU
		{F786A49C-4614-4B03-8857-FE1686B90F1A}.Release|Any CPU.ActiveCfg = Release|Any CPU
		{F786A49C-4614-4B03-8857-FE1686B90F1A}.Release|Any CPU.Build.0 = Release|Any CPU
		{F786A49C-4614-4B03-8857-FE1686B90F1A}.Release|x64.ActiveCfg = Release|Any CPU
		{F786A49C-4614-4B03-8857-FE1686B90F1A}.Release|x64.Build.0 = Release|Any CPU
		{F786A49C-4614-4B03-8857-FE1686B90F1A}.Release|x86.ActiveCfg = Release|Any CPU
		{F786A49C-4614-4B03-8857-FE1686B90F1A}.Release|x86.Build.0 = Release|Any CPU
		{F786A49C-4614-4B03-8857-FE1686B90F1A}.RoutingFull|Any CPU.ActiveCfg = Release|Any CPU
		{F786A49C-4614-4B03-8857-FE1686B90F1A}.RoutingFull|Any CPU.Build.0 = Release|Any CPU
		{F786A49C-4614-4B03-8857-FE1686B90F1A}.RoutingFull|x64.ActiveCfg = Release|Any CPU
		{F786A49C-4614-4B03-8857-FE1686B90F1A}.RoutingFull|x64.Build.0 = Release|Any CPU
		{F786A49C-4614-4B03-8857-FE1686B90F1A}.RoutingFull|x86.ActiveCfg = Release|Any CPU
		{F786A49C-4614-4B03-8857-FE1686B90F1A}.RoutingFull|x86.Build.0 = Release|Any CPU
		{F786A49C-4614-4B03-8857-FE1686B90F1A}.RunTime|Any CPU.ActiveCfg = Release|Any CPU
		{F786A49C-4614-4B03-8857-FE1686B90F1A}.RunTime|Any CPU.Build.0 = Release|Any CPU
		{F786A49C-4614-4B03-8857-FE1686B90F1A}.RunTime|x64.ActiveCfg = Release|Any CPU
		{F786A49C-4614-4B03-8857-FE1686B90F1A}.RunTime|x64.Build.0 = Release|Any CPU
		{F786A49C-4614-4B03-8857-FE1686B90F1A}.RunTime|x86.ActiveCfg = Release|Any CPU
		{F786A49C-4614-4B03-8857-FE1686B90F1A}.RunTime|x86.Build.0 = Release|Any CPU
		{F786A49C-4614-4B03-8857-FE1686B90F1A}.TGLICENSE|Any CPU.ActiveCfg = Release|Any CPU
		{F786A49C-4614-4B03-8857-FE1686B90F1A}.TGLICENSE|Any CPU.Build.0 = Release|Any CPU
		{F786A49C-4614-4B03-8857-FE1686B90F1A}.TGLICENSE|x64.ActiveCfg = Release|Any CPU
		{F786A49C-4614-4B03-8857-FE1686B90F1A}.TGLICENSE|x64.Build.0 = Release|Any CPU
		{F786A49C-4614-4B03-8857-FE1686B90F1A}.TGLICENSE|x86.ActiveCfg = Release|Any CPU
		{F786A49C-4614-4B03-8857-FE1686B90F1A}.TGLICENSE|x86.Build.0 = Release|Any CPU
	EndGlobalSection
	GlobalSection(SolutionProperties) = preSolution
		HideSolutionNode = FALSE
	EndGlobalSection
EndGlobal
