
Microsoft Visual Studio Solution File, Format Version 12.00
# Visual Studio 14
VisualStudioVersion = 14.0.25420.1
MinimumVisualStudioVersion = 10.0.40219.1
Project("{FAE04EC0-301F-11D3-BF4B-00C04F79EFBC}") = "Adornments_LeafletNuget", "Adornments_LeafletNuget.csproj", "{F786A49C-4614-4B03-8857-FE1686B90F1A}"
EndProject
Global
	GlobalSection(SolutionConfigurationPlatforms) = preSolution
		Debug|Any CPU = Debug|Any CPU
		Release|Any CPU = Release|Any CPU
	EndGlobalSection
	GlobalSection(ProjectConfigurationPlatforms) = postSolution
		{F786A49C-4614-4B03-8857-FE1686B90F1A}.Debug|Any CPU.ActiveCfg = Debug|Any CPU
		{F786A49C-4614-4B03-8857-FE1686B90F1A}.Debug|Any CPU.Build.0 = Debug|Any CPU
		{F786A49C-4614-4B03-8857-FE1686B90F1A}.Release|Any CPU.ActiveCfg = Release|Any CPU
		{F786A49C-4614-4B03-8857-FE1686B90F1A}.Release|Any CPU.Build.0 = Release|Any CPU
	EndGlobalSection
	GlobalSection(SolutionProperties) = preSolution
		HideSolutionNode = FALSE
	EndGlobalSection
EndGlobal
